{
  "name": "jira-global-page-custom-ui",
  "version": "1.1.4",
  "lockfileVersion": 3,
  "requires": true,
  "packages": {
    "": {
      "name": "jira-global-page-custom-ui",
      "version": "1.1.4",
      "license": "MIT",
      "dependencies": {
        "@forge/resolver": "1.6.9",
        "@forge/sql": "^2.4.2",
        "forge-sql-orm": "file:../.."
      }
    },
    "../..": {
      "version": "2.0.1",
      "license": "MIT",
      "bin": {
        "forge-sql-orm": "dist-cli/forgeSqlOrmCLI.js"
      },
      "devDependencies": {
        "@eslint/js": "^9.23.0",
        "@typescript-eslint/eslint-plugin": "^8.28.0",
        "@typescript-eslint/parser": "^8.28.0",
        "@vitest/coverage-v8": "^3.0.9",
        "@vitest/ui": "^3.0.9",
        "dotenv": "^16.4.7",
        "drizzle-kit": "^0.30.5",
        "eslint": "^9.23.0",
        "eslint-config-prettier": "^10.1.1",
        "eslint-plugin-import": "^2.31.0",
        "eslint-plugin-node": "^11.1.0",
        "eslint-plugin-prettier": "^5.2.5",
        "eslint-plugin-promise": "^7.2.1",
        "eslint-plugin-vitest": "^0.5.4",
        "globals": "^16.0.0",
        "inquirer": "^12.5.0",
        "mysql": "^2.18.1",
        "mysql2": "^3.14.0",
        "prettier": "^3.5.3",
        "reflect-metadata": "^0.2.2",
        "ts-node": "^10.9.2",
        "tsup": "^8.4.0",
        "typescript": "^5.8.2",
        "typescript-eslint": "^8.28.0",
        "vite": "^6.2.3",
        "vite-plugin-static-copy": "^2.3.0",
        "vitest": "^3.0.9"
      },
      "peerDependencies": {
        "@forge/sql": "^2.4.1",
        "drizzle-orm": "^0.41.0",
        "moment": "^2.30.1"
      }
    },
    "node_modules/@forge/api": {
      "version": "5.1.1",
      "resolved": "https://registry.npmjs.org/@forge/api/-/api-5.1.1.tgz",
      "integrity": "sha512-Ph3w6H404bg/DGBoqksUaxNt19f/cONrV1UNEhdMIISo/R8jVSaeimgcC8hNDbd8iYVJfRoDvzlKmjBGod1AAw==",
      "license": "SEE LICENSE IN LICENSE.txt",
      "dependencies": {
        "@forge/auth": "0.0.7",
        "@forge/egress": "1.4.0",
        "@forge/storage": "1.8.0",
        "@forge/util": "1.4.8",
        "headers-utils": "^3.0.2"
      }
    },
    "node_modules/@forge/auth": {
      "version": "0.0.7",
      "resolved": "https://registry.npmjs.org/@forge/auth/-/auth-0.0.7.tgz",
      "integrity": "sha512-9wzbl7FoaTZsVXuBI6F4O9TWRucpM76WILKoimGSK/1n6JMiai0QHBmBJLAon8jO/MmTJSHPxLE48UjR+J2s7Q==",
      "license": "SEE LICENSE IN LICENSE.txt",
      "dependencies": {
        "tslib": "^2.6.2"
      }
    },
    "node_modules/@forge/egress": {
      "version": "1.4.0",
      "resolved": "https://registry.npmjs.org/@forge/egress/-/egress-1.4.0.tgz",
      "integrity": "sha512-7Jrjq6kgF32yI4kqSmXz6z6ac9zOyrEn3NEq4jDUZ2eAq/qn0UugE/+9t7MlEd1jsz94hY9utezwjqkRc1qKwQ==",
      "license": "SEE LICENSE IN LICENSE.txt",
      "dependencies": {
        "minimatch": "^9.0.3"
      }
    },
    "node_modules/@forge/resolver": {
      "version": "1.6.9",
      "resolved": "https://registry.npmjs.org/@forge/resolver/-/resolver-1.6.9.tgz",
      "integrity": "sha512-Q8VGh6QSDIxUcPikVZfhgAqptebKDuZ1Kkoeb/u2EWhs6nCkbnd9rBzKnykvccsvfofVTTQrdsNCQ8b3R/gsWw==",
      "license": "SEE LICENSE IN LICENSE.txt",
      "dependencies": {
        "@forge/api": "5.1.1"
      }
    },
    "node_modules/@forge/sql": {
      "version": "2.4.2",
      "resolved": "https://registry.npmjs.org/@forge/sql/-/sql-2.4.2.tgz",
      "integrity": "sha512-r0eTJvikx8waZaqhRqAR3d0yWaRgDyBtWJTPvqX5bedwVcoU1cjNDpd++fjST2PPFVOtaKfCMtb0WwKxKBFaoA==",
      "license": "SEE LICENSE IN LICENSE.txt",
      "dependencies": {
        "@forge/api": "^5.1.1"
      }
    },
    "node_modules/@forge/storage": {
      "version": "1.8.0",
      "resolved": "https://registry.npmjs.org/@forge/storage/-/storage-1.8.0.tgz",
      "integrity": "sha512-xDHyrXKZ10r99vXsWmuD7+AUFWrptyAi8HFk+97froly6MDKT4V1zgV/0eV8fOCVKz9GX+HiGZNTnCjzpGqKxA==",
      "license": "SEE LICENSE IN LICENSE.txt"
    },
    "node_modules/@forge/util": {
      "version": "1.4.8",
      "resolved": "https://registry.npmjs.org/@forge/util/-/util-1.4.8.tgz",
      "integrity": "sha512-5D3E2W6j4VzNet2X98It8GRfOJFAkAI/eyCz1VFOX2BzYBMFofuyHr4/PDDpan/I6MnYtSdamlC8P7Q/B3OJDg==",
      "license": "SEE LICENSE IN LICENSE.txt"
    },
    "node_modules/balanced-match": {
      "version": "1.0.2",
      "resolved": "https://registry.npmjs.org/balanced-match/-/balanced-match-1.0.2.tgz",
      "integrity": "sha512-3oSeUO0TMV67hN1AmbXsK4yaqU7tjiHlbxRDZOpH0KW9+CeX4bRAaX0Anxt0tx2MrpRpWwQaPwIlISEJhYU5Pw==",
      "license": "MIT"
    },
    "node_modules/brace-expansion": {
      "version": "2.0.1",
      "resolved": "https://registry.npmjs.org/brace-expansion/-/brace-expansion-2.0.1.tgz",
      "integrity": "sha512-XnAIvQ8eM+kC6aULx6wuQiwVsnzsi9d3WxzV3FpWTGA19F621kwdbsAcFKXgKUHZWsy+mY6iL1sHTxWEFCytDA==",
      "license": "MIT",
      "dependencies": {
        "balanced-match": "^1.0.0"
      }
    },
    "node_modules/forge-sql-orm": {
      "resolved": "../..",
      "link": true
    },
    "node_modules/headers-utils": {
      "version": "3.0.2",
      "resolved": "https://registry.npmjs.org/headers-utils/-/headers-utils-3.0.2.tgz",
      "integrity": "sha512-xAxZkM1dRyGV2Ou5bzMxBPNLoRCjcX+ya7KSWybQD2KwLphxsapUVK6x/02o7f4VU6GPSXch9vNY2+gkU8tYWQ==",
      "license": "MIT"
    },
    "node_modules/minimatch": {
      "version": "9.0.5",
      "resolved": "https://registry.npmjs.org/minimatch/-/minimatch-9.0.5.tgz",
      "integrity": "sha512-G6T0ZX48xgozx7587koeX9Ys2NYy6Gmv//P89sEte9V9whIapMNF4idKxnW2QtCcLiTWlb/wfCabAtAFWhhBow==",
      "license": "ISC",
      "dependencies": {
        "brace-expansion": "^2.0.1"
      },
      "engines": {
        "node": ">=16 || 14 >=14.17"
      },
      "funding": {
        "url": "https://github.com/sponsors/isaacs"
      }
    },
    "node_modules/tslib": {
      "version": "2.8.1",
      "resolved": "https://registry.npmjs.org/tslib/-/tslib-2.8.1.tgz",
      "integrity": "sha512-oJFu94HQb+KVduSUQL7wnpmqnfmLsOA/nAh6b6EH0wCEoK0/mPeXU6c3wKDV83MkOuHPRHtSXKKU99IBazS/2w==",
      "license": "0BSD"
    }
  }
}
